github.com/andybalholm/brotli v1.2.2 h1:HzTuoo2ErYQqf5qvcJInB8uvqSVxRttzkFexPWtnceM=
github.com/andybalholm/brotli v1.2.2/go.mod h1:rzTDkvFWvIrjDXZHkuS16NPggd91W3kUSvPlQ1pLaKY=
github.com/aymanbagabas/go-osc52/v2 v2.0.1 h1:HwpRHbFMcZLEVr42D4p7XBqjyuxQH5SMiErDT4WkJ2k=
github.com/aymanbagabas/go-osc52/v2 v2.0.1/go.mod h1:uYgXzlJ7ZpABp8OJ+exZzJJhRNQ2ASbcXHWsFqH8hp8=
github.com/buaazp/fasthttprouter v0.1.1 h1:4oAnN0C3xZjylvZJdP35cxfclyn4TYkW6Y+DSvS+h8Q=
github.com/buaazp/fasthttprouter v0.1.1/go.mod h1:h/Ap5oRVLeItGKTVBb+heQPks+HdIUtGmI4H5WCYijM=
github.com/cespare/xxhash/v2 v2.3.0 h1:UL815xU9SqsFlibzuggzjXhog7bL6oX9BbNZnL2UFvs=
github.com/cespare/xxhash/v2 v2.3.0/go.mod h1:VGX0DQ3Q6kWi7AoAeZDth3/j3BFtOZR5XLFGgcrjCOs=
github.com/charmbracelet/colorprofile v0.2.3-0.20250311203215-f60798e515dc h1:4pZI35227imm7yK2bGPcfpFEmuY1gc2YSTShr4iJBfs=
github.com/charmbracelet/colorprofile v0.2.3-0.20250311203215-f60798e515dc/go.mod h1:X4/0JoqgTIPSFcRA/P6INZzIuyqdFY5rm8tb41s9okk=
github.com/charmbracelet/lipgloss v1.1.0 h1:vYXsiLHVkK7fp74RkV7b2kq9+zDLoEU4MZoFqR/noCY=
github.com/charmbracelet/lipgloss v1.1.0/go.mod h1:/6Q8FR2o+kj8rz4Dq0zQc3vYf7X+B0binUUBwA0aL30=
github.com/charmbracelet/log v1.0.0 h1:HVVVMmfOorfj3BA9i8X8UL69Hoz9lI0PYwXfJvOdRc4=
github.com/charmbracelet/log v1.0.0/go.mod h1:uYgY3SmLpwJWxmlrPwXvzVYujxis1vAKRV/0VQB7yWA=
github.com/charmbracelet/x/ansi v0.8.0 h1:9GTq3xq9caJW8ZrBTe0LIe2fvfLR/bYXKTx2llXn7xE=
github.com/charmbracelet/x/ansi v0.8.0/go.mod h1:wdYl/ONOLHLIVmQaxbIYEC/cRKOQyjTkowiI4blgS9Q=
github.com/charmbracelet/x/cellbuf v0.0.13-0.20250311204145-2c3ea96c31dd h1:vy0GVL4jeHEwG5YOXDmi86oYw2yuYUGqz6a8sLwg0X8=
github.com/charmbracelet/x/cellbuf v0.0.13-0.20250311204145-2c3ea96c31dd/go.mod h1:xe0nKWGd3eJgtqZRaN9RjMtK7xUYchjzPr7q6kcvCCs=
github.com/charmbracelet/x/term v0.2.1 h1:AQeHeLZ1OqSXhrAWpYUtZyX1T3zVxfpZuEQMIQaGIAQ=
github.com/charmbracelet/x/term v0.2.1/go.mod h1:oQ4enTYFV7QN4m0i9mzHrViD7TQKvNEEkHUMCmsxdUg=
github.com/gabriel-vasile/mimetype v1.4.13 h1:46nXokslUBsAJE/wMsp5gtO500a4F3Nkz9Ufpk2AcUM=
github.com/gabriel-vasile/mimetype v1.4.13/go.mod h1:d+9Oxyo1wTzWdyVUPMmXFvp4F9tea18J8ufA774AB3s=
github.com/go-logfmt/logfmt v0.6.1 h1:4hvbpePJKnIzH1B+8OR/JPbTx37NktoI9LE2QZBBkvE=
github.com/go-logfmt/logfmt v0.6.1/go.mod h1:EV2pOAQoZaT1ZXZbqDl5hrymndi4SY9ED9/z6CO0XAk=
github.com/go-playground/locales v0.14.1 h1:EWaQ/wswjilfKLTECiXz7Rh+3BjFhfDFKv/oXslEjJA=
github.com/go-playground/locales v0.14.1/go.mod h1:hxrqLVvrK65+Rwrd5Fc6F2O76J/NuW9t0sjnWqG1slY=
github.com/go-playground/universal-translator v0.18.1 h1:Bcnm0ZwsGyWbCzImXv+pAJnYK9S473LQFuzCbDbfSFY=
github.com/go-playground/universal-translator v0.18.1/go.mod h1:xekY+UJKNuX9WP91TpwSH2VMlDf28Uj24BCp08ZFTUY=
github.com/go-playground/validator/v10 v10.30.3 h1:4MU6YkEwx7GbcPJOZxrtbu+QfF3pJLJuaYTeAH0DYy8=
github.com/go-playground/validator/v10 v10.30.3/go.mod h1:4Axh7oCNGcoGkqLoE4YWt6n20mcEIsPRlB7vPk3lpyc=
github.com/go-viper/mapstructure/v2 v2.5.0 h1:vM5IJoUAy3d7zRSVtIwQgBj7BiWtMPfmPEgAXnvj1Ro=
github.com/go-viper/mapstructure/v2 v2.5.0/go.mod h1:oJDH3BJKyqBA2TXFhDsKDGDTlndYOZ6rGS0BRZIxGhM=
github.com/golang-jwt/jwt/v5 v5.3.1 h1:kYf81DTWFe7t+1VvL7eS+jKFVWaUnK9cB1qbwn63YCY=
github.com/golang-jwt/jwt/v5 v5.3.1/go.mod h1:fxCRLWMO43lRc8nhHWY6LGqRcf+1gQWArsqaEUEa5bE=
github.com/joho/godotenv v1.5.1 h1:7eLL/+HRGLY0ldzfGMeQkb7vMd0as4CfYvUVzLqw0N0=
github.com/joho/godotenv v1.5.1/go.mod h1:f4LDr5Voq0i2e/R5DDNOoa2zzDfwtkZa6DnEwAbqwq4=
github.com/klauspost/compress v1.19.1 h1:VsB4HPswih7mmZ8WleSFQ75c/Ui1M4trX5oAsJnhSlk=
github.com/klauspost/compress v1.19.1/go.mod h1:cwPg85FWrGar70rWktvGQj8/hthj3wpl0PGDogxkrSQ=
github.com/leodido/go-urn v1.4.0 h1:WT9HwE9SGECu3lg4d/dIA+jxlljEa1/ffXKmRjqdmIQ=
github.com/leodido/go-urn v1.4.0/go.mod h1:bvxc+MVxLKB4z00jd1z+Dvzr47oO32F/QSNjSBOlFxI=
github.com/lucasb-eyer/go-colorful v1.2.0 h1:1nnpGOrhyZZuNyfu1QjKiUICQ74+3FNCN69Aj6K7nkY=
github.com/lucasb-eyer/go-colorful v1.2.0/go.mod h1:R4dSotOR9KMtayYi1e77YzuveK+i7ruzyGqttikkLy0=
github.com/mattn/go-isatty v0.0.20 h1:xfD0iDuEKnDkl03q4limB+vH+GxLEtL/jb4xVJSWWEY=
github.com/mattn/go-isatty v0.0.20/go.mod h1:W+V8PltTTMOvKvAeJH7IuucS94S2C6jfK/D7dTCTo3Y=
github.com/mattn/go-runewidth v0.0.16 h1:E5ScNMtiwvlvB5paMFdw9p4kSQzbXFikJ5SQO6TULQc=
github.com/mattn/go-runewidth v0.0.16/go.mod h1:Jdepj2loyihRzMpdS35Xk/zdY8IAYHsh153qUoGf23w=
github.com/muesli/termenv v0.16.0 h1:S5AlUN9dENB57rsbnkPyfdGuWIlkmzJjbFf0Tf5FWUc=
github.com/muesli/termenv v0.16.0/go.mod h1:ZRfOIKPFDYQoDFF4Olj7/QJbW60Ol/kL1pU3VfY/Cnk=
github.com/nguoihanoi/golang_shared v1.0.0 h1:0qj8nH947hHNOvYKBus6zfFSNXF+yvW80TvKBf5zlOc=
github.com/nguoihanoi/golang_shared v1.0.0/go.mod h1:dJc/HEd7EUrmlJ49/RwIPoBsCrCJKfnkiJMU173c4+I=
github.com/nguoihanoi/golang_shared/libs/cache v0.0.0-20260727154608-c4bd57a08211 h1:OXHL/g8+jPBVbiHjXMNxTwsAP9dJFU76jBAY5UfGTLk=
github.com/nguoihanoi/golang_shared/libs/cache v0.0.0-20260727154608-c4bd57a08211/go.mod h1:FeOWVOe+7JcSsZZAc5/x4tTXTs7DjyKtI8BJT28NrWg=
github.com/nguoihanoi/golang_shared/libs/cache v0.0.0-20260728045141-222a099ee4af h1:qAzmdgLXWLFle012szImevY/TXVZbgOMQCcpzl/maC0=
github.com/nguoihanoi/golang_shared/libs/cache v0.0.0-20260728045141-222a099ee4af/go.mod h1:FeOWVOe+7JcSsZZAc5/x4tTXTs7DjyKtI8BJT28NrWg=
github.com/nguoihanoi/golang_shared/libs/crypto v0.0.0-20260727103103-eab92e6e930e h1:g67c7OGUP5zZaBytAdtLe1yuWBEiZEVsYiWE2Nnm8qY=
github.com/nguoihanoi/golang_shared/libs/crypto v0.0.0-20260727103103-eab92e6e930e/go.mod h1:gghUNpZvckQOW6gJ3D/cvBt0YnSKBMkANIm1CwFLBsI=
github.com/nguoihanoi/golang_shared/libs/crypto v0.0.0-20260731082717-ed2abd985d7d h1:jRw+QCGhlZ5B80nwJLunDh6aTXCyN/1RNPwZN/J9yo0=
github.com/nguoihanoi/golang_shared/libs/crypto v0.0.0-20260731082717-ed2abd985d7d/go.mod h1:gghUNpZvckQOW6gJ3D/cvBt0YnSKBMkANIm1CwFLBsI=
github.com/nguoihanoi/golang_shared/libs/crypto v0.0.0-20260731082800-8cbe89086011 h1:S4ql9NAsmo4a5sb0WJ5xRikHGkXkA124UExm+biCKLw=
github.com/nguoihanoi/golang_shared/libs/crypto v0.0.0-20260731082800-8cbe89086011/go.mod h1:gghUNpZvckQOW6gJ3D/cvBt0YnSKBMkANIm1CwFLBsI=
github.com/nguoihanoi/golang_shared/libs/crypto v0.0.0-20260731084734-f56a879327a9 h1:FCpA6dnLlsP1ITo2vaan0KUZZr7mBJS69pR1Rn2k6WA=
github.com/nguoihanoi/golang_shared/libs/crypto v0.0.0-20260731084734-f56a879327a9/go.mod h1:gghUNpZvckQOW6gJ3D/cvBt0YnSKBMkANIm1CwFLBsI=
github.com/nguoihanoi/golang_shared/libs/crypto v0.0.0-20260731084819-d05b786dffe9 h1:vyFwWkInafZCNCJd09eeoPxBp4zrIDc48CUH+J+PqZ8=
github.com/nguoihanoi/golang_shared/libs/crypto v0.0.0-20260731084819-d05b786dffe9/go.mod h1:gghUNpZvckQOW6gJ3D/cvBt0YnSKBMkANIm1CwFLBsI=
github.com/nguoihanoi/golang_shared/libs/crypto v0.0.0-20260731095415-8ae46e09c8cf h1:FEXMvwO1ONcEe0wO/0oefj/9mRhF9/etpwbmK4o2Gbw=
github.com/nguoihanoi/golang_shared/libs/crypto v0.0.0-20260731095415-8ae46e09c8cf/go.mod h1:gghUNpZvckQOW6gJ3D/cvBt0YnSKBMkANIm1CwFLBsI=
github.com/nguoihanoi/golang_shared/libs/database v0.0.0-20260727110939-bdcfab1f94a6 h1:jHhcHYF3MqxJ/DOeMK/iPYAg62bFBUIqJWf6GQusf2c=
github.com/nguoihanoi/golang_shared/libs/database v0.0.0-20260727110939-bdcfab1f94a6/go.mod h1:/Z+4IWAbbyTcUDVIhfGHFUKh7t175k+LCzHFofqavik=
github.com/nguoihanoi/golang_shared/libs/database v0.0.0-20260728150811-39624abb1645 h1:7MFjaQN7VsE+1NEXlpZnBo3vXbz24ytTuijnUWtWSGM=
github.com/nguoihanoi/golang_shared/libs/database v0.0.0-20260728150811-39624abb1645/go.mod h1:/Z+4IWAbbyTcUDVIhfGHFUKh7t175k+LCzHFofqavik=
github.com/nguoihanoi/golang_shared/libs/database v0.0.0-20260728152631-78d805234d84 h1:32QocPmEqZZYufBwZUeks7XeFnCWAnbJEKB3KYkU5vg=
github.com/nguoihanoi/golang_shared/libs/database v0.0.0-20260728152631-78d805234d84/go.mod h1:/Z+4IWAbbyTcUDVIhfGHFUKh7t175k+LCzHFofqavik=
github.com/nguoihanoi/golang_shared/libs/database v0.0.0-20260728155947-d53ae6a92b4b h1:ckaXioKq5kvHLNHEQNdqy4czHQ30+Lvbgug25Hj7sWc=
github.com/nguoihanoi/golang_shared/libs/database v0.0.0-20260728155947-d53ae6a92b4b/go.mod h1:/Z+4IWAbbyTcUDVIhfGHFUKh7t175k+LCzHFofqavik=
github.com/nguoihanoi/golang_shared/libs/database v0.0.0-20260728161915-423ab4e148cc h1:9GbbAsnhfS+gwYr/eJXkoCMfEU+MRzdeRcPtFV6bHM4=
github.com/nguoihanoi/golang_shared/libs/database v0.0.0-20260728161915-423ab4e148cc/go.mod h1:/Z+4IWAbbyTcUDVIhfGHFUKh7t175k+LCzHFofqavik=
github.com/nguoihanoi/golang_shared/libs/database v0.0.0-20260728163112-c53977f9bf4d h1:zjei5OgPCNatuDmvv+2e7xa/cGDPMF/rFB91blGm10g=
github.com/nguoihanoi/golang_shared/libs/database v0.0.0-20260728163112-c53977f9bf4d/go.mod h1:/Z+4IWAbbyTcUDVIhfGHFUKh7t175k+LCzHFofqavik=
github.com/nguoihanoi/golang_shared/libs/database v0.0.0-20260728164733-71640ac47037 h1:ySBXtLDoFQ2cjYdt4iYAi5v2uAHltHvprECXvFumfLo=
github.com/nguoihanoi/golang_shared/libs/database v0.0.0-20260728164733-71640ac47037/go.mod h1:/Z+4IWAbbyTcUDVIhfGHFUKh7t175k+LCzHFofqavik=
github.com/nguoihanoi/golang_shared/libs/database v0.0.0-20260731083315-9c5647fc9054 h1:mDrbDlkSEcWgWNlo4ilxj/+rhOF+8/Jo5va6BDGfayw=
github.com/nguoihanoi/golang_shared/libs/database v0.0.0-20260731083315-9c5647fc9054/go.mod h1:/Z+4IWAbbyTcUDVIhfGHFUKh7t175k+LCzHFofqavik=
github.com/nguoihanoi/golang_shared/libs/middleware v0.0.0-20260728045141-222a099ee4af h1:aQIRAHuf36k2QG9lJRUuaqjQyDBl6EUgqmtPXvNnp6M=
github.com/nguoihanoi/golang_shared/libs/middleware v0.0.0-20260728045141-222a099ee4af/go.mod h1:9Yd8yrbGu62vHAUBWR9RPqxiUtCWFnpCpko95S7/U68=
github.com/nguoihanoi/golang_shared/libs/middleware v0.0.0-20260731100805-801a485832a5 h1:iY8EMLAt8DN0RRV+pFlvJmXsebOU4rDTva5IBCnCgKQ=
github.com/nguoihanoi/golang_shared/libs/middleware v0.0.0-20260731100805-801a485832a5/go.mod h1:j8aNdnGuMjw4TLJ4G3vGLjon2Bq61BcaZiRYFj+WjS4=
github.com/nguoihanoi/golang_shared/libs/middleware v0.0.0-20260731101451-ed2b23ebe550 h1:G0hi6iOUH+dj+Yq/OkNlP+xA0b3N3sm8fgY+xOf3Xpc=
github.com/nguoihanoi/golang_shared/libs/middleware v0.0.0-20260731101451-ed2b23ebe550/go.mod h1:j8aNdnGuMjw4TLJ4G3vGLjon2Bq61BcaZiRYFj+WjS4=
github.com/nguoihanoi/golang_shared/libs/process v0.0.0-20260727162802-513589b21cd0 h1:UazBmqkM1vpjLn5jzVR4xJUqPkp6J+LYZVe2leOYBXA=
github.com/nguoihanoi/golang_shared/libs/process v0.0.0-20260727162802-513589b21cd0/go.mod h1:u8m/pOkVEnozantr7T/xc9lAfD2/AzzdZI9oPJBhqws=
github.com/nguoihanoi/golang_shared/libs/utilities v0.0.0-20260727104710-1fe9f1bb65e7 h1:F7q5w1dhffxTonGXbt9pyYcF0qWm3Dq74V1GIX4mToE=
github.com/nguoihanoi/golang_shared/libs/utilities v0.0.0-20260727104710-1fe9f1bb65e7/go.mod h1:qBdDZL3qnnc6tn4Hli0vdABYpzcNqwvrX33iIk5lRsI=
github.com/nguoihanoi/golang_shared/libs/utilities v0.0.0-20260728025631-8b8c50fc9549 h1:FmJyCxvxegPS2suEgDCiOo+/czRMd94GQyMfNjLA1gI=
github.com/nguoihanoi/golang_shared/libs/utilities v0.0.0-20260728025631-8b8c50fc9549/go.mod h1:AsMIMSG0P0RJZzSX0Oq+OskrrSGcB2CCh+1wQrHWKdc=
github.com/nguoihanoi/golang_shared/libs/utilities v0.0.0-20260728040942-3003d6f6eecb h1:XLKAGfhZvgBWa+ZHMmqSwR5z1Vi6cq89w75OeYUq+dw=
github.com/nguoihanoi/golang_shared/libs/utilities v0.0.0-20260728040942-3003d6f6eecb/go.mod h1:1WvId84bBKngJGPZ8e4tsson3InEOoUiIJBHCFGBm+8=
github.com/nguoihanoi/golang_shared/libs/utilities v0.0.0-20260728144438-d2746459207d h1:WBjpNAXu4vjzDERH2JFpzrwznYEDO12R7xO+A1qcEfg=
github.com/nguoihanoi/golang_shared/libs/utilities v0.0.0-20260728144438-d2746459207d/go.mod h1:1WvId84bBKngJGPZ8e4tsson3InEOoUiIJBHCFGBm+8=
github.com/nguoihanoi/golang_shared/libs/utilities v0.0.0-20260728145358-1b24380b81fc h1:mxUk6xcAfmOItXmk9dK/Q33GYwNQmQxiaYthhHDc+3U=
github.com/nguoihanoi/golang_shared/libs/utilities v0.0.0-20260728145358-1b24380b81fc/go.mod h1:1WvId84bBKngJGPZ8e4tsson3InEOoUiIJBHCFGBm+8=
github.com/nguoihanoi/golang_shared/libs/utilities v0.0.0-20260731095415-8ae46e09c8cf h1:0ekIowqHJlHg4+GIOMkDF/zC0BeGfz+4D9zarrLe524=
github.com/nguoihanoi/golang_shared/libs/utilities v0.0.0-20260731095415-8ae46e09c8cf/go.mod h1:1WvId84bBKngJGPZ8e4tsson3InEOoUiIJBHCFGBm+8=
github.com/nguoihanoi/golang_shared/warehouses/users v0.0.0-20260727162802-513589b21cd0 h1:QfvSrPRsnKt2fd33JU7d0BjbXllvvKXQ2PslJbVxE8I=
github.com/nguoihanoi/golang_shared/warehouses/users v0.0.0-20260727162802-513589b21cd0/go.mod h1:H+bRXJvOFr4NKJwjxj2ap6NdWdZq+60Mf3zjH8UItWo=
github.com/nguoihanoi/golang_shared/warehouses/users v0.0.0-20260728104248-63d47ff634cd h1:XuQXzKhx+T9d5bJyUAXRnlXABfHgvNKJRkz7nceRVpY=
github.com/nguoihanoi/golang_shared/warehouses/users v0.0.0-20260728104248-63d47ff634cd/go.mod h1:eGT0imrJeBV7g6lCK6wYrvsXJIUq0ok9EETaY+LvRmA=
github.com/nguoihanoi/golang_shared/warehouses/users v0.0.0-20260728145922-2266b7912d74 h1:BoK4e6qOwoERROA+AaCBWxrxfzCZ8LGMjpHdgFznEz4=
github.com/nguoihanoi/golang_shared/warehouses/users v0.0.0-20260728145922-2266b7912d74/go.mod h1:eGT0imrJeBV7g6lCK6wYrvsXJIUq0ok9EETaY+LvRmA=
github.com/nguoihanoi/golang_shared/warehouses/users v0.0.0-20260728150852-febd57e81a75 h1:AHPCX2vFcNK5C+20dxgl4Sq93vIh8/7Tk/mtF+fPwIA=
github.com/nguoihanoi/golang_shared/warehouses/users v0.0.0-20260728150852-febd57e81a75/go.mod h1:oWa4K9Thu78D0msL3PNaayhpZad0O4alDUk+l0m0Kjc=
github.com/nguoihanoi/golang_shared/warehouses/users v0.0.0-20260728151609-d160e29521b2 h1:ZMriU9d31FJ5zmAZLKAHK3aZ/R4qu6HuMgu30MoPZS0=
github.com/nguoihanoi/golang_shared/warehouses/users v0.0.0-20260728151609-d160e29521b2/go.mod h1:oWa4K9Thu78D0msL3PNaayhpZad0O4alDUk+l0m0Kjc=
github.com/nguoihanoi/golang_shared/warehouses/users v0.0.0-20260728152631-78d805234d84 h1:QfgNp/NRus3vETa5vzhL2+em1NdvDcwptmypdM6c3YQ=
github.com/nguoihanoi/golang_shared/warehouses/users v0.0.0-20260728152631-78d805234d84/go.mod h1:oWa4K9Thu78D0msL3PNaayhpZad0O4alDUk+l0m0Kjc=
github.com/nguoihanoi/golang_shared/warehouses/users v0.0.0-20260728155034-5ae94edbce34 h1:2vL+Ph7IbLPvWHr8ABHZNgllS6zX0xGCweKNloiz6MU=
github.com/nguoihanoi/golang_shared/warehouses/users v0.0.0-20260728155034-5ae94edbce34/go.mod h1:qPdJTEmLHXIaMCRQD7gSOwijSaihKNZgLrNwizZsy6M=
github.com/nguoihanoi/golang_shared/warehouses/users v0.0.0-20260728155253-82b8aebd2b18 h1:WKLR7WoSo5AU4Nd0rVAPpOWlGGwasTgiDRvGn+KBb3k=
github.com/nguoihanoi/golang_shared/warehouses/users v0.0.0-20260728155253-82b8aebd2b18/go.mod h1:qPdJTEmLHXIaMCRQD7gSOwijSaihKNZgLrNwizZsy6M=
github.com/nguoihanoi/golang_shared/warehouses/users v0.0.0-20260728160018-f1de2b88afe6 h1:Ph5R6RBBIQi83dcAjeamnRWwDx5nz1YwYRsb1K5nzVQ=
github.com/nguoihanoi/golang_shared/warehouses/users v0.0.0-20260728160018-f1de2b88afe6/go.mod h1:IePpv+tJljpdOluaSYVoCfjgBKGj8/8y7JJm/GCH5yo=
github.com/nguoihanoi/golang_shared/warehouses/users v0.0.0-20260728160429-88393a1bbc98 h1:tuCC67WghkaGzjs80IV34/4XKCaJt7DkvLtWfw3r4TU=
github.com/nguoihanoi/golang_shared/warehouses/users v0.0.0-20260728160429-88393a1bbc98/go.mod h1:IePpv+tJljpdOluaSYVoCfjgBKGj8/8y7JJm/GCH5yo=
github.com/nguoihanoi/golang_shared/warehouses/users v0.0.0-20260728160817-b30cb424cb63 h1:skbe5FgHTSS4kzLbme33XljCDwOGhwug8S2auRVMfaw=
github.com/nguoihanoi/golang_shared/warehouses/users v0.0.0-20260728160817-b30cb424cb63/go.mod h1:IePpv+tJljpdOluaSYVoCfjgBKGj8/8y7JJm/GCH5yo=
github.com/nguoihanoi/golang_shared/warehouses/users v0.0.0-20260728161211-2faf5de85c19 h1:cZFlZzQ83QAwiogvov4Mr3EkA1cAv1gFARdmBCO3l1o=
github.com/nguoihanoi/golang_shared/warehouses/users v0.0.0-20260728161211-2faf5de85c19/go.mod h1:IePpv+tJljpdOluaSYVoCfjgBKGj8/8y7JJm/GCH5yo=
github.com/nguoihanoi/golang_shared/warehouses/users v0.0.0-20260728162156-2936ef844157 h1:LN1yfkixa4vMMhZRRigqQcJ2b8wWny7BjhBk0fuHooU=
github.com/nguoihanoi/golang_shared/warehouses/users v0.0.0-20260728162156-2936ef844157/go.mod h1:FucamIa1e4O2b12sXoUSKk9HZlB6dxp9u3jq+HK9OH4=
github.com/nguoihanoi/golang_shared/warehouses/users v0.0.0-20260728163333-d4f20ec7d164 h1:gLLYLH6CIAZJzOpeHl2gqlivgW4pboQHYQTRfKZBXG8=
github.com/nguoihanoi/golang_shared/warehouses/users v0.0.0-20260728163333-d4f20ec7d164/go.mod h1:4sa4W+R2PTmeIE2mb8V9x8aSEhZZjZ4r2CMTFIp+7aA=
github.com/nguoihanoi/golang_shared/warehouses/users v0.0.0-20260731082800-8cbe89086011 h1:imQhiv5k4CY2WzuXR41p2aEW0OgdbtUoCufmguGEThc=
github.com/nguoihanoi/golang_shared/warehouses/users v0.0.0-20260731082800-8cbe89086011/go.mod h1:bCH6HLrtRerXxCOLquYhCLcrR8aHTZoZqwU24yGydgk=
github.com/nguoihanoi/golang_shared/warehouses/users v0.0.0-20260731083346-0bb05e7f4653 h1:5zfkRPDtludB0x6LKHIYq9SasaPlVWN7L11iZPdTF+4=
github.com/nguoihanoi/golang_shared/warehouses/users v0.0.0-20260731083346-0bb05e7f4653/go.mod h1:Yi5WfAebcoHBDvgOHt8f0gjqQx1pNq5OnbwGDl9rPUk=
github.com/nguoihanoi/golang_shared/warehouses/users v0.0.0-20260731084457-eb921c16894d h1:8ToNTDAHN5RwUBpA2djJJjTAvk8ZNJ3aaAZXEJ2QLN0=
github.com/nguoihanoi/golang_shared/warehouses/users v0.0.0-20260731084457-eb921c16894d/go.mod h1:Yi5WfAebcoHBDvgOHt8f0gjqQx1pNq5OnbwGDl9rPUk=
github.com/nguoihanoi/golang_shared/warehouses/users v0.0.0-20260731084819-d05b786dffe9 h1:FyS+z7fwb1FlhBiX/VJOlceZnZrCJ7WEkwW7fnA/6nQ=
github.com/nguoihanoi/golang_shared/warehouses/users v0.0.0-20260731084819-d05b786dffe9/go.mod h1:yjWtEWdyUD9IKSt4B4E29GO68Gx53CAjGCITw7we2X8=
github.com/nguoihanoi/golang_shared/warehouses/users v0.0.0-20260731095415-8ae46e09c8cf h1:cKWEvuzfqNtxuXiNvsTC/DKnBSXrHUEwIvqN2r5o5/U=
github.com/nguoihanoi/golang_shared/warehouses/users v0.0.0-20260731095415-8ae46e09c8cf/go.mod h1:yjWtEWdyUD9IKSt4B4E29GO68Gx53CAjGCITw7we2X8=
github.com/nguoihanoi/golang_shared/warehouses/users v0.0.0-20260731100805-801a485832a5 h1:wU9wew2sHPa39YfanHjs0Y31Xb53awmS29/dm6Q8O8s=
github.com/nguoihanoi/golang_shared/warehouses/users v0.0.0-20260731100805-801a485832a5/go.mod h1:yjWtEWdyUD9IKSt4B4E29GO68Gx53CAjGCITw7we2X8=
github.com/redis/go-redis/v9 v9.21.0 h1:FPBE4hhbAke+TLmcY3WkpbDffJEomdqPn3HYiqAtL9E=
github.com/redis/go-redis/v9 v9.21.0/go.mod h1:v/M13XI1PVCDcm01VtPFOADfZtHf8YW3baQf57KlIkA=
github.com/rivo/uniseg v0.2.0/go.mod h1:J6wj4VEh+S6ZtnVlnTBMWIodfgj8LQOQFoIToxlJtxc=
github.com/rivo/uniseg v0.4.7 h1:WUdvkW8uEhrYfLC4ZzdpI2ztxP1I582+49Oc5Mq64VQ=
github.com/rivo/uniseg v0.4.7/go.mod h1:FN3SvrM+Zdj16jyLfmOkMNblXMcoc8DfTHruCPUcx88=
github.com/valyala/bytebufferpool v1.0.0 h1:GqA5TC/0021Y/b9FG4Oi9Mr3q7XYx6KllzawFIhcdPw=
github.com/valyala/bytebufferpool v1.0.0/go.mod h1:6bBcMArwyJ5K/AmCkWv1jt77kVWyCJ6HpOuEn7z0Csc=
github.com/valyala/fasthttp v1.73.0 h1:ocTOORnBWtJ+P8t/6wAjdkchMzdfHmWx2VD/DPbgZ7s=
github.com/valyala/fasthttp v1.73.0/go.mod h1:EtXQDHaR+5P18p8wqDRFpUhxr108Ga9mXvVJXHRrN2k=
github.com/xdg-go/pbkdf2 v1.0.0 h1:Su7DPu48wXMwC3bs7MCNG+z4FhcyEuz5dlvchbq0B0c=
github.com/xdg-go/pbkdf2 v1.0.0/go.mod h1:jrpuAogTd400dnrH08LKmI/xc1MbPOebTwRqcT5RDeI=
github.com/xdg-go/scram v1.2.0 h1:bYKF2AEwG5rqd1BumT4gAnvwU/M9nBp2pTSxeZw7Wvs=
github.com/xdg-go/scram v1.2.0/go.mod h1:3dlrS0iBaWKYVt2ZfA4cj48umJZ+cAEbR6/SjLA88I8=
github.com/xdg-go/stringprep v1.0.4 h1:XLI/Ng3O1Atzq0oBs3TWm+5ZVgkq2aqdlvP9JtoZ6c8=
github.com/xdg-go/stringprep v1.0.4/go.mod h1:mPGuuIYwz7CmR2bT9j4GbQqutWS1zV24gijq1dTyGkM=
github.com/xo/terminfo v0.0.0-20220910002029-abceb7e1c41e h1:JVG44RsyaB9T2KIHavMF/ppJZNG9ZpyihvCd0w101no=
github.com/xo/terminfo v0.0.0-20220910002029-abceb7e1c41e/go.mod h1:RbqR21r5mrJuqunuUZ/Dhy/avygyECGrLceyNeo4LiM=
github.com/youmark/pkcs8 v0.0.0-20240726163527-a2c0da244d78 h1:ilQV1hzziu+LLM3zUTJ0trRztfwgjqKnBWNtSRkbmwM=
github.com/youmark/pkcs8 v0.0.0-20240726163527-a2c0da244d78/go.mod h1:aL8wCCfTfSfmXjznFBSZNN13rSJjlIOI1fUNAtF7rmI=
github.com/yuin/goldmark v1.4.13/go.mod h1:6yULJ656Px+3vBD8DxQVa3kxgyrAnzto9xy5taEt/CY=
go.mongodb.org/mongo-driver v1.17.9 h1:IexDdCuuNJ3BHrELgBlyaH9p60JXAvdzWR128q+U5tU=
go.mongodb.org/mongo-driver v1.17.9/go.mod h1:LlOhpH5NUEfhxcAwG0UEkMqwYcc4JU18gtCdGudk/tQ=
go.mongodb.org/mongo-driver/v2 v2.8.0 h1:CxWDGQYY8QQwNjAl/aq2sfWakdnWZynnqJ9F4DhHbP8=
go.mongodb.org/mongo-driver/v2 v2.8.0/go.mod h1:yOI9kBsufol30iFsl1slpdq1I0eHPzybRWdyYUs8K/0=
go.uber.org/atomic v1.11.0 h1:ZvwS0R+56ePWxUNi+Atn9dWONBPp/AUETXlHW0DxSjE=
go.uber.org/atomic v1.11.0/go.mod h1:LUxbIzbOniOlMKjJjyPfpl4v+PKK2cNJn91OQbhoJI0=
golang.org/x/crypto v0.0.0-20190308221718-c2843e01d9a2/go.mod h1:djNgcEr1/C05ACkg1iLfiJU5Ep61QUkGW8qpdssI0+w=
golang.org/x/crypto v0.0.0-20210921155107-089bfa567519/go.mod h1:GvvjBRRGRdwPK5ydBHafDWAxML/pGHZbMvKqRZ5+Abc=
golang.org/x/crypto v0.54.0 h1:YLIA59K4fiNzHzjnZt2tUJQjQtUWfWbeHBqKtk3eScw=
golang.org/x/crypto v0.54.0/go.mod h1:KWL8ny2AZdGR2cWmzeHrp2azQPGogOv+HeQaVEXC2dk=
golang.org/x/exp v0.0.0-20231006140011-7918f672742d h1:jtJma62tbqLibJ5sFQz8bKtEM8rJBtfilJ2qTU199MI=
golang.org/x/exp v0.0.0-20231006140011-7918f672742d/go.mod h1:ldy0pHrwJyGW56pPQzzkH36rKxoZW1tw7ZJpeKx+hdo=
golang.org/x/mod v0.6.0-dev.0.20220419223038-86c51ed26bb4/go.mod h1:jJ57K6gSWd91VN4djpZkiMVwK6gcyfeH4XE8wZrZaV4=
golang.org/x/net v0.0.0-20190620200207-3b0461eec859/go.mod h1:z5CRVTTTmAJ677TzLLGU+0bjPO0LkuOLi4/5GtJWs/s=
golang.org/x/net v0.0.0-20210226172049-e18ecbb05110/go.mod h1:m0MpNAwzfU5UDzcl9v0D8zg8gWTRqZa9RBIspLL5mdg=
golang.org/x/net v0.0.0-20220722155237-a158d28d115b/go.mod h1:XRhObCWvk6IyKnWLug+ECip1KBveYUHfp+8e9klMJ9c=
golang.org/x/sync v0.0.0-20190423024810-112230192c58/go.mod h1:RxMgew5VJxzue5/jJTE5uejpjVlOe/izrB70Jof72aM=
golang.org/x/sync v0.0.0-20220722155255-886fb9371eb4/go.mod h1:RxMgew5VJxzue5/jJTE5uejpjVlOe/izrB70Jof72aM=
golang.org/x/sync v0.22.0 h1:SZjpbeLmrCk4xhRSZFNZW5gFUeCeFgjekvI/+gfScek=
golang.org/x/sync v0.22.0/go.mod h1:9xrNwdLfx4jkKbNva9FpL6vEN7evnE43NNNJQ2LF3+0=
golang.org/x/sys v0.0.0-20190215142949-d0b11bdaac8a/go.mod h1:STP8DvDyc/dI5b8T5hshtkjS+E42TnysNCUPdjciGhY=
golang.org/x/sys v0.0.0-20201119102817-f84b799fce68/go.mod h1:h1NjWce9XRLGQEsW7wpKNCjG9DtNlClVuFLEZdDNbEs=
golang.org/x/sys v0.0.0-20210615035016-665e8c7367d1/go.mod h1:oPkhp1MJrh7nUepCBck5+mAzfO9JrbApNNgaTdGDITg=
golang.org/x/sys v0.0.0-20220520151302-bc2c85ada10a/go.mod h1:oPkhp1MJrh7nUepCBck5+mAzfO9JrbApNNgaTdGDITg=
golang.org/x/sys v0.0.0-20220722155257-8c9f86f7a55f/go.mod h1:oPkhp1MJrh7nUepCBck5+mAzfO9JrbApNNgaTdGDITg=
golang.org/x/sys v0.6.0/go.mod h1:oPkhp1MJrh7nUepCBck5+mAzfO9JrbApNNgaTdGDITg=
golang.org/x/sys v0.47.0 h1:o7XGOvZQCADBQQ4Y7VNq2dRWQR7JmOUW8Kxx4ZsNgWs=
golang.org/x/sys v0.47.0/go.mod h1:4GL1E5IUh+htKOUEOaiffhrAeqysfVGipDYzABqnCmw=
golang.org/x/term v0.0.0-20201126162022-7de9c90e9dd1/go.mod h1:bj7SfCRtBDWHUb9snDiAeCFNEtKQo2Wmx5Cou7ajbmo=
golang.org/x/term v0.0.0-20210927222741-03fcf44c2211/go.mod h1:jbD1KX2456YbFQfuXm/mYQcufACuNUgVhRMnK/tPxf8=
golang.org/x/text v0.3.0/go.mod h1:NqM8EUOU14njkJ3fqMW+pc6Ldnwhi/IjpwHt7yyuwOQ=
golang.org/x/text v0.3.3/go.mod h1:5Zoc/QRtKVWzQhOtBMvqHzDpF6irO9z98xDceosuGiQ=
golang.org/x/text v0.3.7/go.mod h1:u+2+/6zg+i71rQMx5EYifcz6MCKuco9NR6JIITiCfzQ=
golang.org/x/text v0.3.8/go.mod h1:E6s5w1FMmriuDzIBO73fBruAKo1PCIq6d2Q6DHfQ8WQ=
golang.org/x/text v0.40.0 h1:Ub2Z6/xjgF1WrYQz2nuITOEegKFtiIy+rieRJ5lHZKs=
golang.org/x/text v0.40.0/go.mod h1:hpnzDAfGV753zIKo+wk3u1bVKCGPbrnF7+7LBF/UHVY=
golang.org/x/tools v0.0.0-20180917221912-90fa682c2a6e/go.mod h1:n7NCudcB/nEzxVGmLbDWY5pfWTLqBcC2KZ6jyYvM4mQ=
golang.org/x/tools v0.0.0-20191119224855-298f0cb1881e/go.mod h1:b+2E5dAYhXwXZwtnZ6UAqBI28+e2cm9otk0dWdXHAEo=
golang.org/x/tools v0.1.12/go.mod h1:hNGJHUnrk76NpqgfD5Aqm5Crs+Hm0VOH/i9J2+nxYbc=
golang.org/x/xerrors v0.0.0-20190717185122-a985d3407aa7/go.mod h1:I/5z698sn9Ka8TeJc9MKroUUfqBBauWjQqLJ2OPfmY0=
